
Microsoft Visual Studio Solution File, Format Version 12.00
# Visual Studio Version 16
VisualStudioVersion = 16.0.30204.135
MinimumVisualStudioVersion = 10.0.40219.1
Project("{FAE04EC0-301F-11D3-BF4B-00C04F79EFBC}") = "ConsoleAppAzureLTI", "ConsoleAppAzureLTI\ConsoleAppAzureLTI.csproj", "{20A215B3-C984-464F-9DA0-D85CFEF25CDA}"
EndProject
Global
	GlobalSection(SolutionConfigurationPlatforms) = preSolution
		Debug|Any CPU = Debug|Any CPU
		Release|Any CPU = Release|Any CPU
	EndGlobalSection
	GlobalSection(ProjectConfigurationPlatforms) = postSolution
		{20A215B3-C984-464F-9DA0-D85CFEF25CDA}.Debug|Any CPU.ActiveCfg = Debug|Any CPU
		{20A215B3-C984-464F-9DA0-D85CFEF25CDA}.Debug|Any CPU.Build.0 = Debug|Any CPU
		{20A215B3-C984-464F-9DA0-D85CFEF25CDA}.Release|Any CPU.ActiveCfg = Release|Any CPU
		{20A215B3-C984-464F-9DA0-D85CFEF25CDA}.Release|Any CPU.Build.0 = Release|Any CPU
	EndGlobalSection
	GlobalSection(SolutionProperties) = preSolution
		HideSolutionNode = FALSE
	EndGlobalSection
	GlobalSection(ExtensibilityGlobals) = postSolution
		SolutionGuid = {965AEB40-817D-41F1-B02C-04DD42564078}
	EndGlobalSection
EndGlobal
